// !$*UTF8*$!
{
	archiveVersion = 1;
	classes = {
	};
	objectVersion = 54;
	objects = {

/* Begin PBXBuildFile section */
		51119A1A2999D79C002758B3 /* PresentWithNavigationController.swift in Sources */ = {isa = PBXBuildFile; fileRef = 51119A192999D79C002758B3 /* PresentWithNavigationController.swift */; };
		5120879829A8DC71005ED87A /* DebugInfoViewController.swift in Sources */ = {isa = PBXBuildFile; fileRef = 5120879729A8DC71005ED87A /* DebugInfoViewController.swift */; };
		5120879929A8DC71005ED87A /* DebugInfoViewController.swift in Sources */ = {isa = PBXBuildFile; fileRef = 5120879729A8DC71005ED87A /* DebugInfoViewController.swift */; };
		512087A329A9EE85005ED87A /* RateController + Imperative.swift in Sources */ = {isa = PBXBuildFile; fileRef = 512087A229A9EE85005ED87A /* RateController + Imperative.swift */; };
		512087A929A9F10A005ED87A /* Fetcher + Imperative.swift in Sources */ = {isa = PBXBuildFile; fileRef = 512087A829A9F10A005ED87A /* Fetcher + Imperative.swift */; };
		512087AE29A9F4A7005ED87A /* Fetcher + Reactive.swift in Sources */ = {isa = PBXBuildFile; fileRef = 512087AD29A9F4A7005ED87A /* Fetcher + Reactive.swift */; };
		512087B029A9F858005ED87A /* RateController + Reactive.swift in Sources */ = {isa = PBXBuildFile; fileRef = 512087AF29A9F858005ED87A /* RateController + Reactive.swift */; };
		5121216929E2D59F001D234B /* ReactiveRateControllerTests.swift in Sources */ = {isa = PBXBuildFile; fileRef = 5121216829E2D59F001D234B /* ReactiveRateControllerTests.swift */; };
		5121216C29E2D60C001D234B /* TestDoubles.swift in Sources */ = {isa = PBXBuildFile; fileRef = 5121216B29E2D60C001D234B /* TestDoubles.swift */; };
		5121216D29E2D60C001D234B /* TestDoubles.swift in Sources */ = {isa = PBXBuildFile; fileRef = 5121216B29E2D60C001D234B /* TestDoubles.swift */; };
		5129D7A0298F9A2E005F5DE5 /* Main.storyboard in Resources */ = {isa = PBXBuildFile; fileRef = E13B274B24758ACB00E0A07D /* Main.storyboard */; };
		5129D7A3298FA3D9005F5DE5 /* ResultTableViewController.swift in Sources */ = {isa = PBXBuildFile; fileRef = 5129D7A2298FA3D9005F5DE5 /* ResultTableViewController.swift */; };
		5129D7A7298FAAC5005F5DE5 /* Localizable.strings in Resources */ = {isa = PBXBuildFile; fileRef = 5129D7AA298FAAC5005F5DE5 /* Localizable.strings */; };
		5129D7A8298FAAC5005F5DE5 /* Localizable.strings in Resources */ = {isa = PBXBuildFile; fileRef = 5129D7AA298FAAC5005F5DE5 /* Localizable.strings */; };
		51362E2629B4CF3F00E3CE89 /* RateInstance.swift in Sources */ = {isa = PBXBuildFile; fileRef = 51362E2529B4CF3F00E3CE89 /* RateInstance.swift */; };
		51362E4F29B4D93500E3CE89 /* RateInstance.swift in Sources */ = {isa = PBXBuildFile; fileRef = 51362E2529B4CF3F00E3CE89 /* RateInstance.swift */; };
		513803222998746A00D54E46 /* SettingTableViewController.swift in Sources */ = {isa = PBXBuildFile; fileRef = 513803212998746A00D54E46 /* SettingTableViewController.swift */; };
		5138032829988BC300D54E46 /* CurrencyTableViewController.swift in Sources */ = {isa = PBXBuildFile; fileRef = 5138032729988BC300D54E46 /* CurrencyTableViewController.swift */; };
		513E106429F424D0000E1A87 /* AlertPresenter.swift in Sources */ = {isa = PBXBuildFile; fileRef = 513E106329F424D0000E1A87 /* AlertPresenter.swift */; };
		513E106529F424D0000E1A87 /* AlertPresenter.swift in Sources */ = {isa = PBXBuildFile; fileRef = 513E106329F424D0000E1A87 /* AlertPresenter.swift */; };
		51433D33298FD7BF00F2B4E6 /* RswiftLibrary in Frameworks */ = {isa = PBXBuildFile; productRef = 51433D32298FD7BF00F2B4E6 /* RswiftLibrary */; };
		51433D3B298FD8C400F2B4E6 /* RswiftLibrary in Frameworks */ = {isa = PBXBuildFile; productRef = 51433D3A298FD8C400F2B4E6 /* RswiftLibrary */; };
		514C4CFE29A07A7B0049E192 /* Publisher + Helper.swift in Sources */ = {isa = PBXBuildFile; fileRef = 514C4CFD29A07A7B0049E192 /* Publisher + Helper.swift */; };
		514C4CFF29A07A7B0049E192 /* Publisher + Helper.swift in Sources */ = {isa = PBXBuildFile; fileRef = 514C4CFD29A07A7B0049E192 /* Publisher + Helper.swift */; };
		514C4D0529A0D6570049E192 /* BaseCurrencyTableViewController.swift in Sources */ = {isa = PBXBuildFile; fileRef = 514C4D0429A0D6570049E192 /* BaseCurrencyTableViewController.swift */; };
		514C4D0629A0D6570049E192 /* BaseCurrencyTableViewController.swift in Sources */ = {isa = PBXBuildFile; fileRef = 514C4D0429A0D6570049E192 /* BaseCurrencyTableViewController.swift */; };
		514C4D0A29A0D9FA0049E192 /* BaseSettingTableViewController.swift in Sources */ = {isa = PBXBuildFile; fileRef = 514C4D0929A0D9FA0049E192 /* BaseSettingTableViewController.swift */; };
		514C4D0B29A0D9FA0049E192 /* BaseSettingTableViewController.swift in Sources */ = {isa = PBXBuildFile; fileRef = 514C4D0929A0D9FA0049E192 /* BaseSettingTableViewController.swift */; };
		514C4D0D29A3416A0049E192 /* BaseResultTableViewController.swift in Sources */ = {isa = PBXBuildFile; fileRef = 514C4D0C29A3416A0049E192 /* BaseResultTableViewController.swift */; };
		514C4D0E29A3416A0049E192 /* BaseResultTableViewController.swift in Sources */ = {isa = PBXBuildFile; fileRef = 514C4D0C29A3416A0049E192 /* BaseResultTableViewController.swift */; };
		514F72FE29AB682D0080DD8B /* AppUtility.swift in Sources */ = {isa = PBXBuildFile; fileRef = 514F72FD29AB682D0080DD8B /* AppUtility.swift */; };
		514F72FF29AB682D0080DD8B /* AppUtility.swift in Sources */ = {isa = PBXBuildFile; fileRef = 514F72FD29AB682D0080DD8B /* AppUtility.swift */; };
		51578B7129A85A1000BE890F /* Git Commit Info.swift in Sources */ = {isa = PBXBuildFile; fileRef = 51578B7029A85A1000BE890F /* Git Commit Info.swift */; };
		51578B7229A85A1000BE890F /* Git Commit Info.swift in Sources */ = {isa = PBXBuildFile; fileRef = 51578B7029A85A1000BE890F /* Git Commit Info.swift */; };
		515D3D8729ED8C7400B84F4B /* SupportedSymbols.swift in Sources */ = {isa = PBXBuildFile; fileRef = 515D3D8629ED8C7400B84F4B /* SupportedSymbols.swift */; };
		515D3D8829ED8C7400B84F4B /* SupportedSymbols.swift in Sources */ = {isa = PBXBuildFile; fileRef = 515D3D8629ED8C7400B84F4B /* SupportedSymbols.swift */; };
		515D3D8F29EEE81000B84F4B /* Symbols.swift in Sources */ = {isa = PBXBuildFile; fileRef = 515D3D8E29EEE81000B84F4B /* Symbols.swift */; };
		515D3D9029EEE81000B84F4B /* Symbols.swift in Sources */ = {isa = PBXBuildFile; fileRef = 515D3D8E29EEE81000B84F4B /* Symbols.swift */; };
		51869FD829D9D31D00EFA13D /* RateControllerTests.swift in Sources */ = {isa = PBXBuildFile; fileRef = 51869FD729D9D31D00EFA13D /* RateControllerTests.swift */; };
		51869FD929D9D31D00EFA13D /* RateControllerTests.swift in Sources */ = {isa = PBXBuildFile; fileRef = 51869FD729D9D31D00EFA13D /* RateControllerTests.swift */; };
		5189F9D029DAD630004234D3 /* ImperativeRateControllerTests.swift in Sources */ = {isa = PBXBuildFile; fileRef = 5189F9CF29DAD630004234D3 /* ImperativeRateControllerTests.swift */; };
		519A643829B4627500918B84 /* TestingData.swift in Sources */ = {isa = PBXBuildFile; fileRef = 519A643729B4627500918B84 /* TestingData.swift */; };
		519A643929B462AE00918B84 /* TestingData.swift in Sources */ = {isa = PBXBuildFile; fileRef = 519A643729B4627500918B84 /* TestingData.swift */; };
		519BD8AA29BD7E8F00D2CB29 /* EndpointProtocol.swift in Sources */ = {isa = PBXBuildFile; fileRef = 519BD8A929BD7E8F00D2CB29 /* EndpointProtocol.swift */; };
		519BD8AB29BD7E8F00D2CB29 /* EndpointProtocol.swift in Sources */ = {isa = PBXBuildFile; fileRef = 519BD8A929BD7E8F00D2CB29 /* EndpointProtocol.swift */; };
		51D67ED32975922A008B8928 /* AppDelegate.swift in Sources */ = {isa = PBXBuildFile; fileRef = E13B274524758ACB00E0A07D /* AppDelegate.swift */; };
		51D67ED42975922D008B8928 /* SceneDelegate.swift in Sources */ = {isa = PBXBuildFile; fileRef = E13B274724758ACB00E0A07D /* SceneDelegate.swift */; };
		51DF9167299FD0B200CEA5A6 /* SettingTableViewController.swift in Sources */ = {isa = PBXBuildFile; fileRef = 51DF9166299FD0B200CEA5A6 /* SettingTableViewController.swift */; };
		51DF916A299FD0C100CEA5A6 /* CurrencyTableViewController.swift in Sources */ = {isa = PBXBuildFile; fileRef = 51DF9169299FD0C100CEA5A6 /* CurrencyTableViewController.swift */; };
		51E0DEB5299FD4980046652B /* PresentWithNavigationController.swift in Sources */ = {isa = PBXBuildFile; fileRef = 51119A192999D79C002758B3 /* PresentWithNavigationController.swift */; };
		51E1B4B929ADADD800D75669 /* RateData.swift in Sources */ = {isa = PBXBuildFile; fileRef = 51E1B4B629ADAD7F00D75669 /* RateData.swift */; };
		51E1B4BA29ADADD800D75669 /* RateData.swift in Sources */ = {isa = PBXBuildFile; fileRef = 51E1B4B629ADAD7F00D75669 /* RateData.swift */; };
		51E1B4C429AE3DE300D75669 /* Rate.swift in Sources */ = {isa = PBXBuildFile; fileRef = 51E1B4C329AE3DE300D75669 /* Rate.swift */; };
		51E1B4C529AE3DE300D75669 /* Rate.swift in Sources */ = {isa = PBXBuildFile; fileRef = 51E1B4C329AE3DE300D75669 /* Rate.swift */; };
		51E1B4C829AE488900D75669 /* Endpoint.swift in Sources */ = {isa = PBXBuildFile; fileRef = 51E1B4C729AE488900D75669 /* Endpoint.swift */; };
		51E1B4C929AE488900D75669 /* Endpoint.swift in Sources */ = {isa = PBXBuildFile; fileRef = 51E1B4C729AE488900D75669 /* Endpoint.swift */; };
		51E1B4CB29AE490300D75669 /* Latest.swift in Sources */ = {isa = PBXBuildFile; fileRef = 51E1B4CA29AE490300D75669 /* Latest.swift */; };
		51E1B4CC29AE490300D75669 /* Latest.swift in Sources */ = {isa = PBXBuildFile; fileRef = 51E1B4CA29AE490300D75669 /* Latest.swift */; };
		51E1B4CE29AE4C7100D75669 /* Historical.swift in Sources */ = {isa = PBXBuildFile; fileRef = 51E1B4CD29AE4C7100D75669 /* Historical.swift */; };
		51E1B4CF29AE4C7100D75669 /* Historical.swift in Sources */ = {isa = PBXBuildFile; fileRef = 51E1B4CD29AE4C7100D75669 /* Historical.swift */; };
		51E731C729B4DCF900C1DB2B /* ArchiverTest.swift in Sources */ = {isa = PBXBuildFile; fileRef = 519A642F29B0D5D000918B84 /* ArchiverTest.swift */; };
		51E731C829B4DCFA00C1DB2B /* ArchiverTest.swift in Sources */ = {isa = PBXBuildFile; fileRef = 519A642F29B0D5D000918B84 /* ArchiverTest.swift */; };
		51E731C929B4DCFE00C1DB2B /* ResponseDataModelTest.swift in Sources */ = {isa = PBXBuildFile; fileRef = 519A643429B4615B00918B84 /* ResponseDataModelTest.swift */; };
		51E731CA29B4DCFF00C1DB2B /* ResponseDataModelTest.swift in Sources */ = {isa = PBXBuildFile; fileRef = 519A643429B4615B00918B84 /* ResponseDataModelTest.swift */; };
		E1133335248A924D00B8E67F /* Archiver.swift in Sources */ = {isa = PBXBuildFile; fileRef = E1133334248A924D00B8E67F /* Archiver.swift */; };
		E13B274624758ACB00E0A07D /* AppDelegate.swift in Sources */ = {isa = PBXBuildFile; fileRef = E13B274524758ACB00E0A07D /* AppDelegate.swift */; };
		E13B274824758ACB00E0A07D /* SceneDelegate.swift in Sources */ = {isa = PBXBuildFile; fileRef = E13B274724758ACB00E0A07D /* SceneDelegate.swift */; };
		E13B274D24758ACB00E0A07D /* Main.storyboard in Resources */ = {isa = PBXBuildFile; fileRef = E13B274B24758ACB00E0A07D /* Main.storyboard */; };
		E13B274F24758ACF00E0A07D /* Assets.xcassets in Resources */ = {isa = PBXBuildFile; fileRef = E13B274E24758ACF00E0A07D /* Assets.xcassets */; };
		E13B275224758ACF00E0A07D /* LaunchScreen.storyboard in Resources */ = {isa = PBXBuildFile; fileRef = E13B275024758ACF00E0A07D /* LaunchScreen.storyboard */; };
		E13B275D24758ACF00E0A07D /* FetcherTests.swift in Sources */ = {isa = PBXBuildFile; fileRef = E13B275C24758ACF00E0A07D /* FetcherTests.swift */; };
		E13B276924758BCB00E0A07D /* Response Data Model.swift in Sources */ = {isa = PBXBuildFile; fileRef = E13B276824758BCB00E0A07D /* Response Data Model.swift */; };
		E15BA6B724FCA66900CA5B1B /* Assets.xcassets in Resources */ = {isa = PBXBuildFile; fileRef = E15BA6B624FCA66900CA5B1B /* Assets.xcassets */; };
		E15BA6BA24FCA66900CA5B1B /* LaunchScreen.storyboard in Resources */ = {isa = PBXBuildFile; fileRef = E15BA6B824FCA66900CA5B1B /* LaunchScreen.storyboard */; };
		E15BA6C524FCA66900CA5B1B /* FetcherTests.swift in Sources */ = {isa = PBXBuildFile; fileRef = E15BA6C424FCA66900CA5B1B /* FetcherTests.swift */; };
		E1CE96AA248555680029ED73 /* Fetcher.swift in Sources */ = {isa = PBXBuildFile; fileRef = E1CE96A9248555680029ED73 /* Fetcher.swift */; };
		E1CE96AC248555C30029ED73 /* Analyst.swift in Sources */ = {isa = PBXBuildFile; fileRef = E1CE96AB248555C30029ED73 /* Analyst.swift */; };
		E1CE96AE248555E10029ED73 /* RateController.swift in Sources */ = {isa = PBXBuildFile; fileRef = E1CE96AD248555E10029ED73 /* RateController.swift */; };
		E1FB993524FCDC270096FE2C /* Response Data Model.swift in Sources */ = {isa = PBXBuildFile; fileRef = E13B276824758BCB00E0A07D /* Response Data Model.swift */; };
		E1FB993C24FF45250096FE2C /* Analyst.swift in Sources */ = {isa = PBXBuildFile; fileRef = E1CE96AB248555C30029ED73 /* Analyst.swift */; };
		E1FB993F24FF554C0096FE2C /* ResultTableViewController.swift in Sources */ = {isa = PBXBuildFile; fileRef = E1FB993E24FF554C0096FE2C /* ResultTableViewController.swift */; };
		E1FB994124FF9DCD0096FE2C /* Fetcher.swift in Sources */ = {isa = PBXBuildFile; fileRef = E1CE96A9248555680029ED73 /* Fetcher.swift */; };
		E1FB9943250083BE0096FE2C /* Archiver.swift in Sources */ = {isa = PBXBuildFile; fileRef = E1133334248A924D00B8E67F /* Archiver.swift */; };
		E1FB9944250084760096FE2C /* RateController.swift in Sources */ = {isa = PBXBuildFile; fileRef = E1CE96AD248555E10029ED73 /* RateController.swift */; };
/* End PBXBuildFile section */

/* Begin PBXContainerItemProxy section */
		E13B275924758ACF00E0A07D /* PBXContainerItemProxy */ = {
			isa = PBXContainerItemProxy;
			containerPortal = E13B273A24758ACB00E0A07D /* Project object */;
			proxyType = 1;
			remoteGlobalIDString = E13B274124758ACB00E0A07D;
			remoteInfo = RookieCurrnecy;
		};
		E15BA6C124FCA66900CA5B1B /* PBXContainerItemProxy */ = {
			isa = PBXContainerItemProxy;
			containerPortal = E13B273A24758ACB00E0A07D /* Project object */;
			proxyType = 1;
			remoteGlobalIDString = E15BA6AA24FCA66600CA5B1B;
			remoteInfo = CombineCurrency;
		};
/* End PBXContainerItemProxy section */

/* Begin PBXFileReference section */
		51119A192999D79C002758B3 /* PresentWithNavigationController.swift */ = {isa = PBXFileReference; lastKnownFileType = sourcecode.swift; path = PresentWithNavigationController.swift; sourceTree = "<group>"; };
		5120879729A8DC71005ED87A /* DebugInfoViewController.swift */ = {isa = PBXFileReference; lastKnownFileType = sourcecode.swift; path = DebugInfoViewController.swift; sourceTree = "<group>"; };
		512087A229A9EE85005ED87A /* RateController + Imperative.swift */ = {isa = PBXFileReference; lastKnownFileType = sourcecode.swift; path = "RateController + Imperative.swift"; sourceTree = "<group>"; };
		512087A829A9F10A005ED87A /* Fetcher + Imperative.swift */ = {isa = PBXFileReference; lastKnownFileType = sourcecode.swift; path = "Fetcher + Imperative.swift"; sourceTree = "<group>"; };
		512087AD29A9F4A7005ED87A /* Fetcher + Reactive.swift */ = {isa = PBXFileReference; lastKnownFileType = sourcecode.swift; path = "Fetcher + Reactive.swift"; sourceTree = "<group>"; };
		512087AF29A9F858005ED87A /* RateController + Reactive.swift */ = {isa = PBXFileReference; lastKnownFileType = sourcecode.swift; path = "RateController + Reactive.swift"; sourceTree = "<group>"; };
		5121216829E2D59F001D234B /* ReactiveRateControllerTests.swift */ = {isa = PBXFileReference; lastKnownFileType = sourcecode.swift; path = ReactiveRateControllerTests.swift; sourceTree = "<group>"; };
		5121216B29E2D60C001D234B /* TestDoubles.swift */ = {isa = PBXFileReference; lastKnownFileType = sourcecode.swift; path = TestDoubles.swift; sourceTree = "<group>"; };
		5129D7A2298FA3D9005F5DE5 /* ResultTableViewController.swift */ = {isa = PBXFileReference; lastKnownFileType = sourcecode.swift; path = ResultTableViewController.swift; sourceTree = "<group>"; };
		5129D7A9298FAAC5005F5DE5 /* en */ = {isa = PBXFileReference; lastKnownFileType = text.plist.strings; name = en; path = en.lproj/Localizable.strings; sourceTree = "<group>"; };
		5129D7AB298FAB89005F5DE5 /* zh-Hant */ = {isa = PBXFileReference; lastKnownFileType = text.plist.strings; name = "zh-Hant"; path = "zh-Hant.lproj/LaunchScreen.strings"; sourceTree = "<group>"; };
		5129D7AC298FABAF005F5DE5 /* zh-Hant */ = {isa = PBXFileReference; lastKnownFileType = text.plist.strings; name = "zh-Hant"; path = "zh-Hant.lproj/Localizable.strings"; sourceTree = "<group>"; };
		51362E2529B4CF3F00E3CE89 /* RateInstance.swift */ = {isa = PBXFileReference; lastKnownFileType = sourcecode.swift; path = RateInstance.swift; sourceTree = "<group>"; };
		513803212998746A00D54E46 /* SettingTableViewController.swift */ = {isa = PBXFileReference; lastKnownFileType = sourcecode.swift; path = SettingTableViewController.swift; sourceTree = "<group>"; };
		5138032729988BC300D54E46 /* CurrencyTableViewController.swift */ = {isa = PBXFileReference; lastKnownFileType = sourcecode.swift; path = CurrencyTableViewController.swift; sourceTree = "<group>"; };
		513E106329F424D0000E1A87 /* AlertPresenter.swift */ = {isa = PBXFileReference; lastKnownFileType = sourcecode.swift; path = AlertPresenter.swift; sourceTree = "<group>"; };
		514C4CFD29A07A7B0049E192 /* Publisher + Helper.swift */ = {isa = PBXFileReference; lastKnownFileType = sourcecode.swift; path = "Publisher + Helper.swift"; sourceTree = "<group>"; };
		514C4D0429A0D6570049E192 /* BaseCurrencyTableViewController.swift */ = {isa = PBXFileReference; lastKnownFileType = sourcecode.swift; path = BaseCurrencyTableViewController.swift; sourceTree = "<group>"; };
		514C4D0929A0D9FA0049E192 /* BaseSettingTableViewController.swift */ = {isa = PBXFileReference; lastKnownFileType = sourcecode.swift; path = BaseSettingTableViewController.swift; sourceTree = "<group>"; };
		514C4D0C29A3416A0049E192 /* BaseResultTableViewController.swift */ = {isa = PBXFileReference; lastKnownFileType = sourcecode.swift; path = BaseResultTableViewController.swift; sourceTree = "<group>"; };
		514F72FD29AB682D0080DD8B /* AppUtility.swift */ = {isa = PBXFileReference; lastKnownFileType = sourcecode.swift; path = AppUtility.swift; sourceTree = "<group>"; };
		51578B7029A85A1000BE890F /* Git Commit Info.swift */ = {isa = PBXFileReference; lastKnownFileType = sourcecode.swift; path = "Git Commit Info.swift"; sourceTree = "<group>"; };
		515D3D8629ED8C7400B84F4B /* SupportedSymbols.swift */ = {isa = PBXFileReference; lastKnownFileType = sourcecode.swift; path = SupportedSymbols.swift; sourceTree = "<group>"; };
		515D3D8E29EEE81000B84F4B /* Symbols.swift */ = {isa = PBXFileReference; lastKnownFileType = sourcecode.swift; path = Symbols.swift; sourceTree = "<group>"; };
		516916B92983D4C800547B60 /* README.md */ = {isa = PBXFileReference; lastKnownFileType = net.daringfireball.markdown; path = README.md; sourceTree = "<group>"; };
		51869FD729D9D31D00EFA13D /* RateControllerTests.swift */ = {isa = PBXFileReference; lastKnownFileType = sourcecode.swift; path = RateControllerTests.swift; sourceTree = "<group>"; };
		5189F9CF29DAD630004234D3 /* ImperativeRateControllerTests.swift */ = {isa = PBXFileReference; lastKnownFileType = sourcecode.swift; path = ImperativeRateControllerTests.swift; sourceTree = "<group>"; };
		519A642F29B0D5D000918B84 /* ArchiverTest.swift */ = {isa = PBXFileReference; lastKnownFileType = sourcecode.swift; path = ArchiverTest.swift; sourceTree = "<group>"; };
		519A643429B4615B00918B84 /* ResponseDataModelTest.swift */ = {isa = PBXFileReference; lastKnownFileType = sourcecode.swift; path = ResponseDataModelTest.swift; sourceTree = "<group>"; };
		519A643729B4627500918B84 /* TestingData.swift */ = {isa = PBXFileReference; lastKnownFileType = sourcecode.swift; path = TestingData.swift; sourceTree = "<group>"; };
		519BD8A929BD7E8F00D2CB29 /* EndpointProtocol.swift */ = {isa = PBXFileReference; lastKnownFileType = sourcecode.swift; path = EndpointProtocol.swift; sourceTree = "<group>"; };
		51DF9166299FD0B200CEA5A6 /* SettingTableViewController.swift */ = {isa = PBXFileReference; lastKnownFileType = sourcecode.swift; path = SettingTableViewController.swift; sourceTree = "<group>"; };
		51DF9169299FD0C100CEA5A6 /* CurrencyTableViewController.swift */ = {isa = PBXFileReference; lastKnownFileType = sourcecode.swift; path = CurrencyTableViewController.swift; sourceTree = "<group>"; };
		51E1B4B629ADAD7F00D75669 /* RateData.swift */ = {isa = PBXFileReference; lastKnownFileType = sourcecode.swift; path = RateData.swift; sourceTree = "<group>"; };
		51E1B4C329AE3DE300D75669 /* Rate.swift */ = {isa = PBXFileReference; lastKnownFileType = sourcecode.swift; path = Rate.swift; sourceTree = "<group>"; };
		51E1B4C729AE488900D75669 /* Endpoint.swift */ = {isa = PBXFileReference; lastKnownFileType = sourcecode.swift; path = Endpoint.swift; sourceTree = "<group>"; };
		51E1B4CA29AE490300D75669 /* Latest.swift */ = {isa = PBXFileReference; lastKnownFileType = sourcecode.swift; path = Latest.swift; sourceTree = "<group>"; };
		51E1B4CD29AE4C7100D75669 /* Historical.swift */ = {isa = PBXFileReference; lastKnownFileType = sourcecode.swift; path = Historical.swift; sourceTree = "<group>"; };
		E1133334248A924D00B8E67F /* Archiver.swift */ = {isa = PBXFileReference; lastKnownFileType = sourcecode.swift; path = Archiver.swift; sourceTree = "<group>"; };
		E13B274224758ACB00E0A07D /* RookieCurrency.app */ = {isa = PBXFileReference; explicitFileType = wrapper.application; includeInIndex = 0; path = RookieCurrency.app; sourceTree = BUILT_PRODUCTS_DIR; };
		E13B274524758ACB00E0A07D /* AppDelegate.swift */ = {isa = PBXFileReference; lastKnownFileType = sourcecode.swift; path = AppDelegate.swift; sourceTree = "<group>"; };
		E13B274724758ACB00E0A07D /* SceneDelegate.swift */ = {isa = PBXFileReference; lastKnownFileType = sourcecode.swift; path = SceneDelegate.swift; sourceTree = "<group>"; };
		E13B274C24758ACB00E0A07D /* Base */ = {isa = PBXFileReference; lastKnownFileType = file.storyboard; name = Base; path = Base.lproj/Main.storyboard; sourceTree = "<group>"; };
		E13B274E24758ACF00E0A07D /* Assets.xcassets */ = {isa = PBXFileReference; lastKnownFileType = folder.assetcatalog; path = Assets.xcassets; sourceTree = "<group>"; };
		E13B275124758ACF00E0A07D /* Base */ = {isa = PBXFileReference; lastKnownFileType = file.storyboard; name = Base; path = Base.lproj/LaunchScreen.storyboard; sourceTree = "<group>"; };
		E13B275824758ACF00E0A07D /* RookieCurrencyTests.xctest */ = {isa = PBXFileReference; explicitFileType = wrapper.cfbundle; includeInIndex = 0; path = RookieCurrencyTests.xctest; sourceTree = BUILT_PRODUCTS_DIR; };
		E13B275C24758ACF00E0A07D /* FetcherTests.swift */ = {isa = PBXFileReference; lastKnownFileType = sourcecode.swift; path = FetcherTests.swift; sourceTree = "<group>"; };
		E13B276824758BCB00E0A07D /* Response Data Model.swift */ = {isa = PBXFileReference; lastKnownFileType = sourcecode.swift; path = "Response Data Model.swift"; sourceTree = "<group>"; };
		E15BA6AB24FCA66600CA5B1B /* CombineCurrency.app */ = {isa = PBXFileReference; explicitFileType = wrapper.application; includeInIndex = 0; path = CombineCurrency.app; sourceTree = BUILT_PRODUCTS_DIR; };
		E15BA6B624FCA66900CA5B1B /* Assets.xcassets */ = {isa = PBXFileReference; lastKnownFileType = folder.assetcatalog; path = Assets.xcassets; sourceTree = "<group>"; };
		E15BA6B924FCA66900CA5B1B /* Base */ = {isa = PBXFileReference; lastKnownFileType = file.storyboard; name = Base; path = Base.lproj/LaunchScreen.storyboard; sourceTree = "<group>"; };
		E15BA6BB24FCA66900CA5B1B /* Info.plist */ = {isa = PBXFileReference; lastKnownFileType = text.plist.xml; path = Info.plist; sourceTree = "<group>"; };
		E15BA6C024FCA66900CA5B1B /* CombineCurrencyTests.xctest */ = {isa = PBXFileReference; explicitFileType = wrapper.cfbundle; includeInIndex = 0; path = CombineCurrencyTests.xctest; sourceTree = BUILT_PRODUCTS_DIR; };
		E15BA6C424FCA66900CA5B1B /* FetcherTests.swift */ = {isa = PBXFileReference; lastKnownFileType = sourcecode.swift; path = FetcherTests.swift; sourceTree = "<group>"; };
		E1CE96A9248555680029ED73 /* Fetcher.swift */ = {isa = PBXFileReference; lastKnownFileType = sourcecode.swift; path = Fetcher.swift; sourceTree = "<group>"; };
		E1CE96AB248555C30029ED73 /* Analyst.swift */ = {isa = PBXFileReference; lastKnownFileType = sourcecode.swift; path = Analyst.swift; sourceTree = "<group>"; };
		E1CE96AD248555E10029ED73 /* RateController.swift */ = {isa = PBXFileReference; lastKnownFileType = sourcecode.swift; path = RateController.swift; sourceTree = "<group>"; };
		E1FB993E24FF554C0096FE2C /* ResultTableViewController.swift */ = {isa = PBXFileReference; lastKnownFileType = sourcecode.swift; path = ResultTableViewController.swift; sourceTree = "<group>"; };
/* End PBXFileReference section */

/* Begin PBXFrameworksBuildPhase section */
		E13B273F24758ACB00E0A07D /* Frameworks */ = {
			isa = PBXFrameworksBuildPhase;
			buildActionMask = 2147483647;
			files = (
				51433D33298FD7BF00F2B4E6 /* RswiftLibrary in Frameworks */,
			);
			runOnlyForDeploymentPostprocessing = 0;
		};
		E13B275524758ACF00E0A07D /* Frameworks */ = {
			isa = PBXFrameworksBuildPhase;
			buildActionMask = 2147483647;
			files = (
			);
			runOnlyForDeploymentPostprocessing = 0;
		};
		E15BA6A824FCA66600CA5B1B /* Frameworks */ = {
			isa = PBXFrameworksBuildPhase;
			buildActionMask = 2147483647;
			files = (
				51433D3B298FD8C400F2B4E6 /* RswiftLibrary in Frameworks */,
			);
			runOnlyForDeploymentPostprocessing = 0;
		};
		E15BA6BD24FCA66900CA5B1B /* Frameworks */ = {
			isa = PBXFrameworksBuildPhase;
			buildActionMask = 2147483647;
			files = (
			);
			runOnlyForDeploymentPostprocessing = 0;
		};
/* End PBXFrameworksBuildPhase section */

/* Begin PBXGroup section */
		51119A172999D3C8002758B3 /* Segue */ = {
			isa = PBXGroup;
			children = (
				51119A192999D79C002758B3 /* PresentWithNavigationController.swift */,
			);
			path = Segue;
			sourceTree = "<group>";
		};
		5120879F29A9EE2F005ED87A /* View Controller */ = {
			isa = PBXGroup;
			children = (
				514C4D0C29A3416A0049E192 /* BaseResultTableViewController.swift */,
				514C4D0929A0D9FA0049E192 /* BaseSettingTableViewController.swift */,
				514C4D0429A0D6570049E192 /* BaseCurrencyTableViewController.swift */,
				5120879729A8DC71005ED87A /* DebugInfoViewController.swift */,
			);
			path = "View Controller";
			sourceTree = "<group>";
		};
		512087A129A9EE5B005ED87A /* Controller */ = {
			isa = PBXGroup;
			children = (
				E1FB994024FF9A030096FE2C /* View Controller */,
				512087A229A9EE85005ED87A /* RateController + Imperative.swift */,
				512087A829A9F10A005ED87A /* Fetcher + Imperative.swift */,
			);
			path = Controller;
			sourceTree = "<group>";
		};
		512087AB29A9F482005ED87A /* Controller */ = {
			isa = PBXGroup;
			children = (
				E1FB994224FF9E340096FE2C /* View Controller */,
				512087AD29A9F4A7005ED87A /* Fetcher + Reactive.swift */,
				512087AF29A9F858005ED87A /* RateController + Reactive.swift */,
			);
			path = Controller;
			sourceTree = "<group>";
		};
		51362E3B29B4D7D700E3CE89 /* SharedTests */ = {
			isa = PBXGroup;
			children = (
				519A643429B4615B00918B84 /* ResponseDataModelTest.swift */,
				51869FD729D9D31D00EFA13D /* RateControllerTests.swift */,
				519A642F29B0D5D000918B84 /* ArchiverTest.swift */,
			);
			path = SharedTests;
			sourceTree = "<group>";
		};
		51433D39298FD8C400F2B4E6 /* Frameworks */ = {
			isa = PBXGroup;
			children = (
			);
			name = Frameworks;
			sourceTree = "<group>";
		};
		51D67ED029758F07008B8928 /* Supporting Files */ = {
			isa = PBXGroup;
			children = (
				E13B274E24758ACF00E0A07D /* Assets.xcassets */,
				E13B275024758ACF00E0A07D /* LaunchScreen.storyboard */,
			);
			name = "Supporting Files";
			path = "RookieCurrency/Supporting Files";
			sourceTree = SOURCE_ROOT;
		};
		51D67ED1297590B0008B8928 /* Supporting Files */ = {
			isa = PBXGroup;
			children = (
				E15BA6B624FCA66900CA5B1B /* Assets.xcassets */,
				E15BA6B824FCA66900CA5B1B /* LaunchScreen.storyboard */,
			);
			path = "Supporting Files";
			sourceTree = "<group>";
		};
		51D67ED2297591BC008B8928 /* Supporting Files */ = {
			isa = PBXGroup;
			children = (
				E15BA6BB24FCA66900CA5B1B /* Info.plist */,
				E13B274524758ACB00E0A07D /* AppDelegate.swift */,
				E13B274724758ACB00E0A07D /* SceneDelegate.swift */,
				E13B274B24758ACB00E0A07D /* Main.storyboard */,
				5129D7AA298FAAC5005F5DE5 /* Localizable.strings */,
				51578B7029A85A1000BE890F /* Git Commit Info.swift */,
				514F72FD29AB682D0080DD8B /* AppUtility.swift */,
				513E106329F424D0000E1A87 /* AlertPresenter.swift */,
			);
			path = "Supporting Files";
			sourceTree = "<group>";
		};
		51E1B4B529ADAD5300D75669 /* TestingData */ = {
			isa = PBXGroup;
			children = (
				519A643729B4627500918B84 /* TestingData.swift */,
				51E1B4B629ADAD7F00D75669 /* RateData.swift */,
				51362E2529B4CF3F00E3CE89 /* RateInstance.swift */,
				5121216B29E2D60C001D234B /* TestDoubles.swift */,
			);
			path = TestingData;
			sourceTree = "<group>";
		};
		51E1B4BF29AE3CB000D75669 /* Fetcher */ = {
			isa = PBXGroup;
			children = (
				E1CE96A9248555680029ED73 /* Fetcher.swift */,
				E1CE96A02485535D0029ED73 /* Data Model */,
				51E1B4C229AE3CD500D75669 /* Endpoint */,
			);
			path = Fetcher;
			sourceTree = "<group>";
		};
		51E1B4C229AE3CD500D75669 /* Endpoint */ = {
			isa = PBXGroup;
			children = (
				519BD8A929BD7E8F00D2CB29 /* EndpointProtocol.swift */,
				51E1B4C729AE488900D75669 /* Endpoint.swift */,
				51E1B4CA29AE490300D75669 /* Latest.swift */,
				51E1B4CD29AE4C7100D75669 /* Historical.swift */,
				515D3D8629ED8C7400B84F4B /* SupportedSymbols.swift */,
			);
			path = Endpoint;
			sourceTree = "<group>";
		};
		E13B273924758ACB00E0A07D = {
			isa = PBXGroup;
			children = (
				516916B92983D4C800547B60 /* README.md */,
				51D67ED2297591BC008B8928 /* Supporting Files */,
				E1CE96A8248555530029ED73 /* Controller */,
				E13B274424758ACB00E0A07D /* RookieCurrency */,
				E15BA6AC24FCA66600CA5B1B /* CombineCurrency */,
				E1CE96A32485549D0029ED73 /* Extension */,
				51119A172999D3C8002758B3 /* Segue */,
				51E1B4B529ADAD5300D75669 /* TestingData */,
				E13B275B24758ACF00E0A07D /* RookieCurrencyTests */,
				E15BA6C324FCA66900CA5B1B /* CombineCurrencyTests */,
				51362E3B29B4D7D700E3CE89 /* SharedTests */,
				E13B274324758ACB00E0A07D /* Products */,
				51433D39298FD8C400F2B4E6 /* Frameworks */,
			);
			sourceTree = "<group>";
		};
		E13B274324758ACB00E0A07D /* Products */ = {
			isa = PBXGroup;
			children = (
				E13B274224758ACB00E0A07D /* RookieCurrency.app */,
				E13B275824758ACF00E0A07D /* RookieCurrencyTests.xctest */,
				E15BA6AB24FCA66600CA5B1B /* CombineCurrency.app */,
				E15BA6C024FCA66900CA5B1B /* CombineCurrencyTests.xctest */,
			);
			name = Products;
			sourceTree = "<group>";
		};
		E13B274424758ACB00E0A07D /* RookieCurrency */ = {
			isa = PBXGroup;
			children = (
				512087A129A9EE5B005ED87A /* Controller */,
				51D67ED029758F07008B8928 /* Supporting Files */,
			);
			path = RookieCurrency;
			sourceTree = "<group>";
		};
		E13B275B24758ACF00E0A07D /* RookieCurrencyTests */ = {
			isa = PBXGroup;
			children = (
				E13B275C24758ACF00E0A07D /* FetcherTests.swift */,
				5189F9CF29DAD630004234D3 /* ImperativeRateControllerTests.swift */,
			);
			path = RookieCurrencyTests;
			sourceTree = "<group>";
		};
		E15BA6AC24FCA66600CA5B1B /* CombineCurrency */ = {
			isa = PBXGroup;
			children = (
				512087AB29A9F482005ED87A /* Controller */,
				51D67ED1297590B0008B8928 /* Supporting Files */,
			);
			path = CombineCurrency;
			sourceTree = "<group>";
		};
		E15BA6C324FCA66900CA5B1B /* CombineCurrencyTests */ = {
			isa = PBXGroup;
			children = (
				E15BA6C424FCA66900CA5B1B /* FetcherTests.swift */,
				5121216829E2D59F001D234B /* ReactiveRateControllerTests.swift */,
			);
			path = CombineCurrencyTests;
			sourceTree = "<group>";
		};
		E1CE96A02485535D0029ED73 /* Data Model */ = {
			isa = PBXGroup;
			children = (
				E13B276824758BCB00E0A07D /* Response Data Model.swift */,
				51E1B4C329AE3DE300D75669 /* Rate.swift */,
				515D3D8E29EEE81000B84F4B /* Symbols.swift */,
			);
			path = "Data Model";
			sourceTree = "<group>";
		};
		E1CE96A32485549D0029ED73 /* Extension */ = {
			isa = PBXGroup;
			children = (
				514C4CFD29A07A7B0049E192 /* Publisher + Helper.swift */,
			);
			path = Extension;
			sourceTree = "<group>";
		};
		E1CE96A8248555530029ED73 /* Controller */ = {
			isa = PBXGroup;
			children = (
				5120879F29A9EE2F005ED87A /* View Controller */,
				51E1B4BF29AE3CB000D75669 /* Fetcher */,
				E1CE96AB248555C30029ED73 /* Analyst.swift */,
				E1CE96AD248555E10029ED73 /* RateController.swift */,
				E1133334248A924D00B8E67F /* Archiver.swift */,
			);
			path = Controller;
			sourceTree = "<group>";
		};
		E1FB994024FF9A030096FE2C /* View Controller */ = {
			isa = PBXGroup;
			children = (
				5129D7A2298FA3D9005F5DE5 /* ResultTableViewController.swift */,
				513803212998746A00D54E46 /* SettingTableViewController.swift */,
				5138032729988BC300D54E46 /* CurrencyTableViewController.swift */,
			);
			path = "View Controller";
			sourceTree = "<group>";
		};
		E1FB994224FF9E340096FE2C /* View Controller */ = {
			isa = PBXGroup;
			children = (
				E1FB993E24FF554C0096FE2C /* ResultTableViewController.swift */,
				51DF9166299FD0B200CEA5A6 /* SettingTableViewController.swift */,
				51DF9169299FD0C100CEA5A6 /* CurrencyTableViewController.swift */,
			);
			path = "View Controller";
			sourceTree = "<group>";
		};
/* End PBXGroup section */

/* Begin PBXNativeTarget section */
		E13B274124758ACB00E0A07D /* RookieCurrency */ = {
			isa = PBXNativeTarget;
			buildConfigurationList = E13B276124758ACF00E0A07D /* Build configuration list for PBXNativeTarget "RookieCurrency" */;
			buildPhases = (
				51578B7429A865FB00BE890F /* Get Git Commit Info */,
				E13B273E24758ACB00E0A07D /* Sources */,
				E13B273F24758ACB00E0A07D /* Frameworks */,
				E13B274024758ACB00E0A07D /* Resources */,
			);
			buildRules = (
			);
			dependencies = (
				51433D35298FD7D800F2B4E6 /* PBXTargetDependency */,
			);
			name = RookieCurrency;
			packageProductDependencies = (
				51433D32298FD7BF00F2B4E6 /* RswiftLibrary */,
			);
			productName = RookieCurrnecy;
			productReference = E13B274224758ACB00E0A07D /* RookieCurrency.app */;
			productType = "com.apple.product-type.application";
		};
		E13B275724758ACF00E0A07D /* RookieCurrencyTests */ = {
			isa = PBXNativeTarget;
			buildConfigurationList = E13B276424758ACF00E0A07D /* Build configuration list for PBXNativeTarget "RookieCurrencyTests" */;
			buildPhases = (
				E13B275424758ACF00E0A07D /* Sources */,
				E13B275524758ACF00E0A07D /* Frameworks */,
				E13B275624758ACF00E0A07D /* Resources */,
			);
			buildRules = (
			);
			dependencies = (
				E13B275A24758ACF00E0A07D /* PBXTargetDependency */,
			);
			name = RookieCurrencyTests;
			productName = RookieCurrnecyTests;
			productReference = E13B275824758ACF00E0A07D /* RookieCurrencyTests.xctest */;
			productType = "com.apple.product-type.bundle.unit-test";
		};
		E15BA6AA24FCA66600CA5B1B /* CombineCurrency */ = {
			isa = PBXNativeTarget;
			buildConfigurationList = E15BA6CB24FCA66900CA5B1B /* Build configuration list for PBXNativeTarget "CombineCurrency" */;
			buildPhases = (
				516F363029BC15E400357FB2 /* Get Git Commit Info */,
				E15BA6A724FCA66600CA5B1B /* Sources */,
				E15BA6A824FCA66600CA5B1B /* Frameworks */,
				E15BA6A924FCA66600CA5B1B /* Resources */,
			);
			buildRules = (
			);
			dependencies = (
				51433D38298FD8AC00F2B4E6 /* PBXTargetDependency */,
			);
			name = CombineCurrency;
			packageProductDependencies = (
				51433D3A298FD8C400F2B4E6 /* RswiftLibrary */,
			);
			productName = CombineCurrency;
			productReference = E15BA6AB24FCA66600CA5B1B /* CombineCurrency.app */;
			productType = "com.apple.product-type.application";
		};
		E15BA6BF24FCA66900CA5B1B /* CombineCurrencyTests */ = {
			isa = PBXNativeTarget;
			buildConfigurationList = E15BA6CC24FCA66900CA5B1B /* Build configuration list for PBXNativeTarget "CombineCurrencyTests" */;
			buildPhases = (
				E15BA6BC24FCA66900CA5B1B /* Sources */,
				E15BA6BD24FCA66900CA5B1B /* Frameworks */,
				E15BA6BE24FCA66900CA5B1B /* Resources */,
			);
			buildRules = (
			);
			dependencies = (
				E15BA6C224FCA66900CA5B1B /* PBXTargetDependency */,
			);
			name = CombineCurrencyTests;
			productName = CombineCurrencyTests;
			productReference = E15BA6C024FCA66900CA5B1B /* CombineCurrencyTests.xctest */;
			productType = "com.apple.product-type.bundle.unit-test";
		};
/* End PBXNativeTarget section */

/* Begin PBXProject section */
		E13B273A24758ACB00E0A07D /* Project object */ = {
			isa = PBXProject;
			attributes = {
				LastSwiftUpdateCheck = 1420;
				LastUpgradeCheck = 1420;
				ORGANIZATIONNAME = "Pang-yen Chen";
				TargetAttributes = {
					E13B274124758ACB00E0A07D = {
						CreatedOnToolsVersion = 11.3;
					};
					E13B275724758ACF00E0A07D = {
						CreatedOnToolsVersion = 11.3;
						TestTargetID = E13B274124758ACB00E0A07D;
					};
					E15BA6AA24FCA66600CA5B1B = {
						CreatedOnToolsVersion = 11.3;
					};
					E15BA6BF24FCA66900CA5B1B = {
						CreatedOnToolsVersion = 11.3;
						TestTargetID = E15BA6AA24FCA66600CA5B1B;
					};
				};
			};
			buildConfigurationList = E13B273D24758ACB00E0A07D /* Build configuration list for PBXProject "RookieCurrency" */;
			compatibilityVersion = "Xcode 9.3";
			developmentRegion = en;
			hasScannedForEncodings = 0;
			knownRegions = (
				en,
				Base,
				"zh-Hant",
			);
			mainGroup = E13B273924758ACB00E0A07D;
			packageReferences = (
				51433D31298FD7BF00F2B4E6 /* XCRemoteSwiftPackageReference "R" */,
			);
			productRefGroup = E13B274324758ACB00E0A07D /* Products */;
			projectDirPath = "";
			projectRoot = "";
			targets = (
				E13B274124758ACB00E0A07D /* RookieCurrency */,
				E13B275724758ACF00E0A07D /* RookieCurrencyTests */,
				E15BA6AA24FCA66600CA5B1B /* CombineCurrency */,
				E15BA6BF24FCA66900CA5B1B /* CombineCurrencyTests */,
			);
		};
/* End PBXProject section */

/* Begin PBXResourcesBuildPhase section */
		E13B274024758ACB00E0A07D /* Resources */ = {
			isa = PBXResourcesBuildPhase;
			buildActionMask = 2147483647;
			files = (
				E13B275224758ACF00E0A07D /* LaunchScreen.storyboard in Resources */,
				5129D7A7298FAAC5005F5DE5 /* Localizable.strings in Resources */,
				E13B274F24758ACF00E0A07D /* Assets.xcassets in Resources */,
				E13B274D24758ACB00E0A07D /* Main.storyboard in Resources */,
			);
			runOnlyForDeploymentPostprocessing = 0;
		};
		E13B275624758ACF00E0A07D /* Resources */ = {
			isa = PBXResourcesBuildPhase;
			buildActionMask = 2147483647;
			files = (
			);
			runOnlyForDeploymentPostprocessing = 0;
		};
		E15BA6A924FCA66600CA5B1B /* Resources */ = {
			isa = PBXResourcesBuildPhase;
			buildActionMask = 2147483647;
			files = (
				5129D7A0298F9A2E005F5DE5 /* Main.storyboard in Resources */,
				5129D7A8298FAAC5005F5DE5 /* Localizable.strings in Resources */,
				E15BA6BA24FCA66900CA5B1B /* LaunchScreen.storyboard in Resources */,
				E15BA6B724FCA66900CA5B1B /* Assets.xcassets in Resources */,
			);
			runOnlyForDeploymentPostprocessing = 0;
		};
		E15BA6BE24FCA66900CA5B1B /* Resources */ = {
			isa = PBXResourcesBuildPhase;
			buildActionMask = 2147483647;
			files = (
			);
			runOnlyForDeploymentPostprocessing = 0;
		};
/* End PBXResourcesBuildPhase section */

/* Begin PBXShellScriptBuildPhase section */
		51578B7429A865FB00BE890F /* Get Git Commit Info */ = {
			isa = PBXShellScriptBuildPhase;
			alwaysOutOfDate = 1;
			buildActionMask = 2147483647;
			files = (
			);
			inputFileListPaths = (
			);
			inputPaths = (
			);
			name = "Get Git Commit Info";
			outputFileListPaths = (
			);
			outputPaths = (
			);
			runOnlyForDeploymentPostprocessing = 0;
			shellPath = /bin/sh;
			shellScript = "gitHash=$(git log -1 --pretty=format:%h)\ncommitTimestamp=$(git log -1 --pretty=format:%ct)\n\nfileContent=\"// 這個檔案是用 run script 產生的\\nextension AppUtility {\\n    static let gitHash = \\\"$gitHash\\\"\\n    static let commitTimestamp = $commitTimestamp\\n}\"\n\necho \"$fileContent\" > ${SOURCE_ROOT}/Supporting\\ Files/Git\\ Commit\\ Info.swift\n";
		};
		516F363029BC15E400357FB2 /* Get Git Commit Info */ = {
			isa = PBXShellScriptBuildPhase;
			alwaysOutOfDate = 1;
			buildActionMask = 2147483647;
			files = (
			);
			inputFileListPaths = (
			);
			inputPaths = (
			);
			name = "Get Git Commit Info";
			outputFileListPaths = (
			);
			outputPaths = (
			);
			runOnlyForDeploymentPostprocessing = 0;
			shellPath = /bin/sh;
			shellScript = "gitHash=$(git log -1 --pretty=format:%h)\ncommitTimestamp=$(git log -1 --pretty=format:%ct)\n\nfileContent=\"// 這個檔案是用 run script 產生的\\nextension AppUtility {\\n    static let gitHash = \\\"$gitHash\\\"\\n    static let commitTimestamp = $commitTimestamp\\n}\"\n\necho \"$fileContent\" > ${SOURCE_ROOT}/Supporting\\ Files/Git\\ Commit\\ Info.swift\n";
		};
/* End PBXShellScriptBuildPhase section */

/* Begin PBXSourcesBuildPhase section */
		E13B273E24758ACB00E0A07D /* Sources */ = {
			isa = PBXSourcesBuildPhase;
			buildActionMask = 2147483647;
			files = (
				512087A929A9F10A005ED87A /* Fetcher + Imperative.swift in Sources */,
				5120879829A8DC71005ED87A /* DebugInfoViewController.swift in Sources */,
				512087A329A9EE85005ED87A /* RateController + Imperative.swift in Sources */,
				514C4CFE29A07A7B0049E192 /* Publisher + Helper.swift in Sources */,
				51119A1A2999D79C002758B3 /* PresentWithNavigationController.swift in Sources */,
				513803222998746A00D54E46 /* SettingTableViewController.swift in Sources */,
				514F72FE29AB682D0080DD8B /* AppUtility.swift in Sources */,
				E1133335248A924D00B8E67F /* Archiver.swift in Sources */,
				E1CE96AE248555E10029ED73 /* RateController.swift in Sources */,
				515D3D8F29EEE81000B84F4B /* Symbols.swift in Sources */,
				E13B276924758BCB00E0A07D /* Response Data Model.swift in Sources */,
				E1CE96AA248555680029ED73 /* Fetcher.swift in Sources */,
				514C4D0D29A3416A0049E192 /* BaseResultTableViewController.swift in Sources */,
				519BD8AA29BD7E8F00D2CB29 /* EndpointProtocol.swift in Sources */,
				E1CE96AC248555C30029ED73 /* Analyst.swift in Sources */,
				513E106429F424D0000E1A87 /* AlertPresenter.swift in Sources */,
				514C4D0A29A0D9FA0049E192 /* BaseSettingTableViewController.swift in Sources */,
				51E1B4CE29AE4C7100D75669 /* Historical.swift in Sources */,
				51578B7129A85A1000BE890F /* Git Commit Info.swift in Sources */,
				5138032829988BC300D54E46 /* CurrencyTableViewController.swift in Sources */,
				51E1B4C829AE488900D75669 /* Endpoint.swift in Sources */,
				E13B274624758ACB00E0A07D /* AppDelegate.swift in Sources */,
				514C4D0529A0D6570049E192 /* BaseCurrencyTableViewController.swift in Sources */,
				515D3D8729ED8C7400B84F4B /* SupportedSymbols.swift in Sources */,
				51E1B4CB29AE490300D75669 /* Latest.swift in Sources */,
				51E1B4C429AE3DE300D75669 /* Rate.swift in Sources */,
				E13B274824758ACB00E0A07D /* SceneDelegate.swift in Sources */,
				5129D7A3298FA3D9005F5DE5 /* ResultTableViewController.swift in Sources */,
			);
			runOnlyForDeploymentPostprocessing = 0;
		};
		E13B275424758ACF00E0A07D /* Sources */ = {
			isa = PBXSourcesBuildPhase;
			buildActionMask = 2147483647;
			files = (
				519A643829B4627500918B84 /* TestingData.swift in Sources */,
				51869FD829D9D31D00EFA13D /* RateControllerTests.swift in Sources */,
				E13B275D24758ACF00E0A07D /* FetcherTests.swift in Sources */,
				51362E2629B4CF3F00E3CE89 /* RateInstance.swift in Sources */,
				51E731C829B4DCFA00C1DB2B /* ArchiverTest.swift in Sources */,
				51E731CA29B4DCFF00C1DB2B /* ResponseDataModelTest.swift in Sources */,
				51E1B4B929ADADD800D75669 /* RateData.swift in Sources */,
				5121216C29E2D60C001D234B /* TestDoubles.swift in Sources */,
				5189F9D029DAD630004234D3 /* ImperativeRateControllerTests.swift in Sources */,
			);
			runOnlyForDeploymentPostprocessing = 0;
		};
		E15BA6A724FCA66600CA5B1B /* Sources */ = {
			isa = PBXSourcesBuildPhase;
			buildActionMask = 2147483647;
			files = (
				512087AE29A9F4A7005ED87A /* Fetcher + Reactive.swift in Sources */,
				5120879929A8DC71005ED87A /* DebugInfoViewController.swift in Sources */,
				51D67ED32975922A008B8928 /* AppDelegate.swift in Sources */,
				E1FB993F24FF554C0096FE2C /* ResultTableViewController.swift in Sources */,
				E1FB9944250084760096FE2C /* RateController.swift in Sources */,
				E1FB993524FCDC270096FE2C /* Response Data Model.swift in Sources */,
				51E0DEB5299FD4980046652B /* PresentWithNavigationController.swift in Sources */,
				514F72FF29AB682D0080DD8B /* AppUtility.swift in Sources */,
				E1FB994124FF9DCD0096FE2C /* Fetcher.swift in Sources */,
				515D3D9029EEE81000B84F4B /* Symbols.swift in Sources */,
				51DF9167299FD0B200CEA5A6 /* SettingTableViewController.swift in Sources */,
				514C4D0E29A3416A0049E192 /* BaseResultTableViewController.swift in Sources */,
				51DF916A299FD0C100CEA5A6 /* CurrencyTableViewController.swift in Sources */,
				519BD8AB29BD7E8F00D2CB29 /* EndpointProtocol.swift in Sources */,
				514C4D0B29A0D9FA0049E192 /* BaseSettingTableViewController.swift in Sources */,
				513E106529F424D0000E1A87 /* AlertPresenter.swift in Sources */,
				51D67ED42975922D008B8928 /* SceneDelegate.swift in Sources */,
				51E1B4CF29AE4C7100D75669 /* Historical.swift in Sources */,
				51578B7229A85A1000BE890F /* Git Commit Info.swift in Sources */,
				514C4CFF29A07A7B0049E192 /* Publisher + Helper.swift in Sources */,
				51E1B4C929AE488900D75669 /* Endpoint.swift in Sources */,
				E1FB993C24FF45250096FE2C /* Analyst.swift in Sources */,
				514C4D0629A0D6570049E192 /* BaseCurrencyTableViewController.swift in Sources */,
				515D3D8829ED8C7400B84F4B /* SupportedSymbols.swift in Sources */,
				51E1B4CC29AE490300D75669 /* Latest.swift in Sources */,
				51E1B4C529AE3DE300D75669 /* Rate.swift in Sources */,
				E1FB9943250083BE0096FE2C /* Archiver.swift in Sources */,
				512087B029A9F858005ED87A /* RateController + Reactive.swift in Sources */,
			);
			runOnlyForDeploymentPostprocessing = 0;
		};
		E15BA6BC24FCA66900CA5B1B /* Sources */ = {
			isa = PBXSourcesBuildPhase;
			buildActionMask = 2147483647;
			files = (
				E15BA6C524FCA66900CA5B1B /* FetcherTests.swift in Sources */,
				51869FD929D9D31D00EFA13D /* RateControllerTests.swift in Sources */,
				51E1B4BA29ADADD800D75669 /* RateData.swift in Sources */,
				51362E4F29B4D93500E3CE89 /* RateInstance.swift in Sources */,
				51E731C729B4DCF900C1DB2B /* ArchiverTest.swift in Sources */,
				51E731C929B4DCFE00C1DB2B /* ResponseDataModelTest.swift in Sources */,
				5121216929E2D59F001D234B /* ReactiveRateControllerTests.swift in Sources */,
				5121216D29E2D60C001D234B /* TestDoubles.swift in Sources */,
				519A643929B462AE00918B84 /* TestingData.swift in Sources */,
			);
			runOnlyForDeploymentPostprocessing = 0;
		};
/* End PBXSourcesBuildPhase section */

/* Begin PBXTargetDependency section */
		51433D35298FD7D800F2B4E6 /* PBXTargetDependency */ = {
			isa = PBXTargetDependency;
			productRef = 51433D34298FD7D800F2B4E6 /* RswiftGenerateInternalResources */;
		};
		51433D38298FD8AC00F2B4E6 /* PBXTargetDependency */ = {
			isa = PBXTargetDependency;
			productRef = 51433D37298FD8AC00F2B4E6 /* RswiftGenerateInternalResources */;
		};
		E13B275A24758ACF00E0A07D /* PBXTargetDependency */ = {
			isa = PBXTargetDependency;
			target = E13B274124758ACB00E0A07D /* RookieCurrency */;
			targetProxy = E13B275924758ACF00E0A07D /* PBXContainerItemProxy */;
		};
		E15BA6C224FCA66900CA5B1B /* PBXTargetDependency */ = {
			isa = PBXTargetDependency;
			target = E15BA6AA24FCA66600CA5B1B /* CombineCurrency */;
			targetProxy = E15BA6C124FCA66900CA5B1B /* PBXContainerItemProxy */;
		};
/* End PBXTargetDependency section */

/* Begin PBXVariantGroup section */
		5129D7AA298FAAC5005F5DE5 /* Localizable.strings */ = {
			isa = PBXVariantGroup;
			children = (
				5129D7A9298FAAC5005F5DE5 /* en */,
				5129D7AC298FABAF005F5DE5 /* zh-Hant */,
			);
			name = Localizable.strings;
			sourceTree = "<group>";
		};
		E13B274B24758ACB00E0A07D /* Main.storyboard */ = {
			isa = PBXVariantGroup;
			children = (
				E13B274C24758ACB00E0A07D /* Base */,
			);
			name = Main.storyboard;
			sourceTree = "<group>";
		};
		E13B275024758ACF00E0A07D /* LaunchScreen.storyboard */ = {
			isa = PBXVariantGroup;
			children = (
				E13B275124758ACF00E0A07D /* Base */,
			);
			name = LaunchScreen.storyboard;
			sourceTree = "<group>";
		};
		E15BA6B824FCA66900CA5B1B /* LaunchScreen.storyboard */ = {
			isa = PBXVariantGroup;
			children = (
				E15BA6B924FCA66900CA5B1B /* Base */,
				5129D7AB298FAB89005F5DE5 /* zh-Hant */,
			);
			name = LaunchScreen.storyboard;
			sourceTree = "<group>";
		};
/* End PBXVariantGroup section */

/* Begin XCBuildConfiguration section */
		51362E2A29B4D63500E3CE89 /* RookieCurrencyTests */ = {
			isa = XCBuildConfiguration;
			buildSettings = {
				ALWAYS_SEARCH_USER_PATHS = NO;
				CLANG_ANALYZER_LOCALIZABILITY_NONLOCALIZED = YES;
				CLANG_ANALYZER_NONNULL = YES;
				CLANG_ANALYZER_NUMBER_OBJECT_CONVERSION = YES_AGGRESSIVE;
				CLANG_CXX_LANGUAGE_STANDARD = "gnu++14";
				CLANG_CXX_LIBRARY = "libc++";
				CLANG_ENABLE_MODULES = YES;
				CLANG_ENABLE_OBJC_ARC = YES;
				CLANG_ENABLE_OBJC_WEAK = YES;
				CLANG_WARN_BLOCK_CAPTURE_AUTORELEASING = YES;
				CLANG_WARN_BOOL_CONVERSION = YES;
				CLANG_WARN_COMMA = YES;
				CLANG_WARN_CONSTANT_CONVERSION = YES;
				CLANG_WARN_DEPRECATED_OBJC_IMPLEMENTATIONS = YES;
				CLANG_WARN_DIRECT_OBJC_ISA_USAGE = YES_ERROR;
				CLANG_WARN_DOCUMENTATION_COMMENTS = YES;
				CLANG_WARN_EMPTY_BODY = YES;
				CLANG_WARN_ENUM_CONVERSION = YES;
				CLANG_WARN_INFINITE_RECURSION = YES;
				CLANG_WARN_INT_CONVERSION = YES;
				CLANG_WARN_NON_LITERAL_NULL_CONVERSION = YES;
				CLANG_WARN_OBJC_IMPLICIT_RETAIN_SELF = YES;
				CLANG_WARN_OBJC_LITERAL_CONVERSION = YES;
				CLANG_WARN_OBJC_ROOT_CLASS = YES_ERROR;
				CLANG_WARN_QUOTED_INCLUDE_IN_FRAMEWORK_HEADER = YES;
				CLANG_WARN_RANGE_LOOP_ANALYSIS = YES;
				CLANG_WARN_STRICT_PROTOTYPES = YES;
				CLANG_WARN_SUSPICIOUS_MOVE = YES;
				CLANG_WARN_UNGUARDED_AVAILABILITY = YES_AGGRESSIVE;
				CLANG_WARN_UNREACHABLE_CODE = YES;
				CLANG_WARN__DUPLICATE_METHOD_MATCH = YES;
				COPY_PHASE_STRIP = NO;
				DEBUG_INFORMATION_FORMAT = dwarf;
				ENABLE_STRICT_OBJC_MSGSEND = YES;
				ENABLE_TESTABILITY = YES;
				GCC_C_LANGUAGE_STANDARD = gnu11;
				GCC_DYNAMIC_NO_PIC = NO;
				GCC_NO_COMMON_BLOCKS = YES;
				GCC_OPTIMIZATION_LEVEL = 0;
				GCC_PREPROCESSOR_DEFINITIONS = (
					"DEBUG=1",
					"$(inherited)",
				);
				GCC_WARN_64_TO_32_BIT_CONVERSION = YES;
				GCC_WARN_ABOUT_RETURN_TYPE = YES_ERROR;
				GCC_WARN_UNDECLARED_SELECTOR = YES;
				GCC_WARN_UNINITIALIZED_AUTOS = YES_AGGRESSIVE;
				GCC_WARN_UNUSED_FUNCTION = YES;
				GCC_WARN_UNUSED_VARIABLE = YES;
				INFOPLIST_FILE = RookieCurrnecy/RookieCurrency/Info.plist;
				IPHONEOS_DEPLOYMENT_TARGET = 13.2;
				MTL_ENABLE_DEBUG_INFO = INCLUDE_SOURCE;
				MTL_FAST_MATH = YES;
				ONLY_ACTIVE_ARCH = YES;
				PRODUCT_BUNDLE_IDENTIFIER = Users/1902470/Desktop/RookieCurrnecy/RookieCurrency/Info.plist;
				SDKROOT = iphoneos;
				SWIFT_ACTIVE_COMPILATION_CONDITIONS = RookieCurrency_Tests;
				SWIFT_OPTIMIZATION_LEVEL = "-Onone";
			};
			name = RookieCurrencyTests;
		};
		51362E2B29B4D63500E3CE89 /* RookieCurrencyTests */ = {
			isa = XCBuildConfiguration;
			buildSettings = {
				ASSETCATALOG_COMPILER_APPICON_NAME = AppIcon;
				CODE_SIGN_STYLE = Automatic;
				DEVELOPMENT_TEAM = 6VUDHSKKA2;
				INFOPLIST_FILE = "Supporting Files/Info.plist";
				IPHONEOS_DEPLOYMENT_TARGET = 16.4;
				LD_RUNPATH_SEARCH_PATHS = (
					"$(inherited)",
					"@executable_path/Frameworks",
				);
				PRODUCT_BUNDLE_IDENTIFIER = com.example.RookieCurrency;
				PRODUCT_NAME = "$(TARGET_NAME)";
				SWIFT_VERSION = 5.0;
				TARGETED_DEVICE_FAMILY = "1,2";
			};
			name = RookieCurrencyTests;
		};
		51362E2C29B4D63500E3CE89 /* RookieCurrencyTests */ = {
			isa = XCBuildConfiguration;
			buildSettings = {
				ALWAYS_EMBED_SWIFT_STANDARD_LIBRARIES = YES;
				BUNDLE_LOADER = "$(TEST_HOST)";
				CODE_SIGN_STYLE = Automatic;
				DEVELOPMENT_TEAM = 6VUDHSKKA2;
				GENERATE_INFOPLIST_FILE = YES;
				INFOPLIST_FILE = "";
				IPHONEOS_DEPLOYMENT_TARGET = 16.4;
				LD_RUNPATH_SEARCH_PATHS = (
					"$(inherited)",
					"@executable_path/Frameworks",
					"@loader_path/Frameworks",
				);
				PRODUCT_BUNDLE_IDENTIFIER = com.example.RookieCurrencyTests;
				PRODUCT_NAME = "$(TARGET_NAME)";
				SWIFT_VERSION = 5.0;
				TARGETED_DEVICE_FAMILY = "1,2";
				TEST_HOST = "$(BUILT_PRODUCTS_DIR)/RookieCurrency.app/RookieCurrency";
			};
			name = RookieCurrencyTests;
		};
		51362E2D29B4D63500E3CE89 /* RookieCurrencyTests */ = {
			isa = XCBuildConfiguration;
			buildSettings = {
				ASSETCATALOG_COMPILER_APPICON_NAME = AppIcon;
				CODE_SIGN_STYLE = Automatic;
				DEVELOPMENT_TEAM = 6VUDHSKKA2;
				INFOPLIST_FILE = "Supporting Files/Info.plist";
				IPHONEOS_DEPLOYMENT_TARGET = 16.4;
				LD_RUNPATH_SEARCH_PATHS = (
					"$(inherited)",
					"@executable_path/Frameworks",
				);
				PRODUCT_BUNDLE_IDENTIFIER = com.example.CombineCurrency;
				PRODUCT_NAME = "$(TARGET_NAME)";
				SWIFT_VERSION = 5.0;
				TARGETED_DEVICE_FAMILY = "1,2";
			};
			name = RookieCurrencyTests;
		};
		51362E2E29B4D63500E3CE89 /* RookieCurrencyTests */ = {
			isa = XCBuildConfiguration;
			buildSettings = {
				ALWAYS_EMBED_SWIFT_STANDARD_LIBRARIES = YES;
				BUNDLE_LOADER = "$(TEST_HOST)";
				CODE_SIGN_STYLE = Automatic;
				DEVELOPMENT_TEAM = 6VUDHSKKA2;
				GENERATE_INFOPLIST_FILE = YES;
				INFOPLIST_FILE = "";
				IPHONEOS_DEPLOYMENT_TARGET = 16.4;
				LD_RUNPATH_SEARCH_PATHS = (
					"$(inherited)",
					"@executable_path/Frameworks",
					"@loader_path/Frameworks",
				);
				PRODUCT_BUNDLE_IDENTIFIER = com.example.CombineCurrencyTests;
				PRODUCT_NAME = "$(TARGET_NAME)";
				SWIFT_VERSION = 5.0;
				TARGETED_DEVICE_FAMILY = "1,2";
				TEST_HOST = "$(BUILT_PRODUCTS_DIR)/CombineCurrency.app/CombineCurrency";
			};
			name = RookieCurrencyTests;
		};
		51362E3129B4D67100E3CE89 /* CombineCurrencyTests */ = {
			isa = XCBuildConfiguration;
			buildSettings = {
				ALWAYS_SEARCH_USER_PATHS = NO;
				CLANG_ANALYZER_LOCALIZABILITY_NONLOCALIZED = YES;
				CLANG_ANALYZER_NONNULL = YES;
				CLANG_ANALYZER_NUMBER_OBJECT_CONVERSION = YES_AGGRESSIVE;
				CLANG_CXX_LANGUAGE_STANDARD = "gnu++14";
				CLANG_CXX_LIBRARY = "libc++";
				CLANG_ENABLE_MODULES = YES;
				CLANG_ENABLE_OBJC_ARC = YES;
				CLANG_ENABLE_OBJC_WEAK = YES;
				CLANG_WARN_BLOCK_CAPTURE_AUTORELEASING = YES;
				CLANG_WARN_BOOL_CONVERSION = YES;
				CLANG_WARN_COMMA = YES;
				CLANG_WARN_CONSTANT_CONVERSION = YES;
				CLANG_WARN_DEPRECATED_OBJC_IMPLEMENTATIONS = YES;
				CLANG_WARN_DIRECT_OBJC_ISA_USAGE = YES_ERROR;
				CLANG_WARN_DOCUMENTATION_COMMENTS = YES;
				CLANG_WARN_EMPTY_BODY = YES;
				CLANG_WARN_ENUM_CONVERSION = YES;
				CLANG_WARN_INFINITE_RECURSION = YES;
				CLANG_WARN_INT_CONVERSION = YES;
				CLANG_WARN_NON_LITERAL_NULL_CONVERSION = YES;
				CLANG_WARN_OBJC_IMPLICIT_RETAIN_SELF = YES;
				CLANG_WARN_OBJC_LITERAL_CONVERSION = YES;
				CLANG_WARN_OBJC_ROOT_CLASS = YES_ERROR;
				CLANG_WARN_QUOTED_INCLUDE_IN_FRAMEWORK_HEADER = YES;
				CLANG_WARN_RANGE_LOOP_ANALYSIS = YES;
				CLANG_WARN_STRICT_PROTOTYPES = YES;
				CLANG_WARN_SUSPICIOUS_MOVE = YES;
				CLANG_WARN_UNGUARDED_AVAILABILITY = YES_AGGRESSIVE;
				CLANG_WARN_UNREACHABLE_CODE = YES;
				CLANG_WARN__DUPLICATE_METHOD_MATCH = YES;
				COPY_PHASE_STRIP = NO;
				DEBUG_INFORMATION_FORMAT = dwarf;
				ENABLE_STRICT_OBJC_MSGSEND = YES;
				ENABLE_TESTABILITY = YES;
				GCC_C_LANGUAGE_STANDARD = gnu11;
				GCC_DYNAMIC_NO_PIC = NO;
				GCC_NO_COMMON_BLOCKS = YES;
				GCC_OPTIMIZATION_LEVEL = 0;
				GCC_PREPROCESSOR_DEFINITIONS = (
					"DEBUG=1",
					"$(inherited)",
				);
				GCC_WARN_64_TO_32_BIT_CONVERSION = YES;
				GCC_WARN_ABOUT_RETURN_TYPE = YES_ERROR;
				GCC_WARN_UNDECLARED_SELECTOR = YES;
				GCC_WARN_UNINITIALIZED_AUTOS = YES_AGGRESSIVE;
				GCC_WARN_UNUSED_FUNCTION = YES;
				GCC_WARN_UNUSED_VARIABLE = YES;
				INFOPLIST_FILE = RookieCurrnecy/RookieCurrency/Info.plist;
				IPHONEOS_DEPLOYMENT_TARGET = 13.2;
				MTL_ENABLE_DEBUG_INFO = INCLUDE_SOURCE;
				MTL_FAST_MATH = YES;
				ONLY_ACTIVE_ARCH = YES;
				PRODUCT_BUNDLE_IDENTIFIER = Users/1902470/Desktop/RookieCurrnecy/RookieCurrency/Info.plist;
				SDKROOT = iphoneos;
				SWIFT_ACTIVE_COMPILATION_CONDITIONS = CombineCurrency_Tests;
				SWIFT_OPTIMIZATION_LEVEL = "-Onone";
			};
			name = CombineCurrencyTests;
		};
		51362E3229B4D67100E3CE89 /* CombineCurrencyTests */ = {
			isa = XCBuildConfiguration;
			buildSettings = {
				ASSETCATALOG_COMPILER_APPICON_NAME = AppIcon;
				CODE_SIGN_STYLE = Automatic;
				DEVELOPMENT_TEAM = 6VUDHSKKA2;
				INFOPLIST_FILE = "Supporting Files/Info.plist";
				IPHONEOS_DEPLOYMENT_TARGET = 16.4;
				LD_RUNPATH_SEARCH_PATHS = (
					"$(inherited)",
					"@executable_path/Frameworks",
				);
				PRODUCT_BUNDLE_IDENTIFIER = com.example.RookieCurrency;
				PRODUCT_NAME = "$(TARGET_NAME)";
				SWIFT_VERSION = 5.0;
				TARGETED_DEVICE_FAMILY = "1,2";
			};
			name = CombineCurrencyTests;
		};
		51362E3329B4D67100E3CE89 /* CombineCurrencyTests */ = {
			isa = XCBuildConfiguration;
			buildSettings = {
				ALWAYS_EMBED_SWIFT_STANDARD_LIBRARIES = YES;
				BUNDLE_LOADER = "$(TEST_HOST)";
				CODE_SIGN_STYLE = Automatic;
				DEVELOPMENT_TEAM = 6VUDHSKKA2;
				GENERATE_INFOPLIST_FILE = YES;
				INFOPLIST_FILE = "";
				IPHONEOS_DEPLOYMENT_TARGET = 16.4;
				LD_RUNPATH_SEARCH_PATHS = (
					"$(inherited)",
					"@executable_path/Frameworks",
					"@loader_path/Frameworks",
				);
				PRODUCT_BUNDLE_IDENTIFIER = com.example.RookieCurrencyTests;
				PRODUCT_NAME = "$(TARGET_NAME)";
				SWIFT_VERSION = 5.0;
				TARGETED_DEVICE_FAMILY = "1,2";
				TEST_HOST = "$(BUILT_PRODUCTS_DIR)/RookieCurrency.app/RookieCurrency";
			};
			name = CombineCurrencyTests;
		};
		51362E3429B4D67100E3CE89 /* CombineCurrencyTests */ = {
			isa = XCBuildConfiguration;
			buildSettings = {
				ASSETCATALOG_COMPILER_APPICON_NAME = AppIcon;
				CODE_SIGN_STYLE = Automatic;
				DEVELOPMENT_TEAM = 6VUDHSKKA2;
				INFOPLIST_FILE = "Supporting Files/Info.plist";
				IPHONEOS_DEPLOYMENT_TARGET = 16.4;
				LD_RUNPATH_SEARCH_PATHS = (
					"$(inherited)",
					"@executable_path/Frameworks",
				);
				PRODUCT_BUNDLE_IDENTIFIER = com.example.CombineCurrency;
				PRODUCT_NAME = "$(TARGET_NAME)";
				SWIFT_VERSION = 5.0;
				TARGETED_DEVICE_FAMILY = "1,2";
			};
			name = CombineCurrencyTests;
		};
		51362E3529B4D67100E3CE89 /* CombineCurrencyTests */ = {
			isa = XCBuildConfiguration;
			buildSettings = {
				ALWAYS_EMBED_SWIFT_STANDARD_LIBRARIES = YES;
				BUNDLE_LOADER = "$(TEST_HOST)";
				CODE_SIGN_STYLE = Automatic;
				DEVELOPMENT_TEAM = 6VUDHSKKA2;
				GENERATE_INFOPLIST_FILE = YES;
				INFOPLIST_FILE = "";
				IPHONEOS_DEPLOYMENT_TARGET = 16.4;
				LD_RUNPATH_SEARCH_PATHS = (
					"$(inherited)",
					"@executable_path/Frameworks",
					"@loader_path/Frameworks",
				);
				PRODUCT_BUNDLE_IDENTIFIER = com.example.CombineCurrencyTests;
				PRODUCT_NAME = "$(TARGET_NAME)";
				SWIFT_VERSION = 5.0;
				TARGETED_DEVICE_FAMILY = "1,2";
				TEST_HOST = "$(BUILT_PRODUCTS_DIR)/CombineCurrency.app/CombineCurrency";
			};
			name = CombineCurrencyTests;
		};
		E13B275F24758ACF00E0A07D /* Debug */ = {
			isa = XCBuildConfiguration;
			buildSettings = {
				ALWAYS_SEARCH_USER_PATHS = NO;
				CLANG_ANALYZER_LOCALIZABILITY_NONLOCALIZED = YES;
				CLANG_ANALYZER_NONNULL = YES;
				CLANG_ANALYZER_NUMBER_OBJECT_CONVERSION = YES_AGGRESSIVE;
				CLANG_CXX_LANGUAGE_STANDARD = "gnu++14";
				CLANG_CXX_LIBRARY = "libc++";
				CLANG_ENABLE_MODULES = YES;
				CLANG_ENABLE_OBJC_ARC = YES;
				CLANG_ENABLE_OBJC_WEAK = YES;
				CLANG_WARN_BLOCK_CAPTURE_AUTORELEASING = YES;
				CLANG_WARN_BOOL_CONVERSION = YES;
				CLANG_WARN_COMMA = YES;
				CLANG_WARN_CONSTANT_CONVERSION = YES;
				CLANG_WARN_DEPRECATED_OBJC_IMPLEMENTATIONS = YES;
				CLANG_WARN_DIRECT_OBJC_ISA_USAGE = YES_ERROR;
				CLANG_WARN_DOCUMENTATION_COMMENTS = YES;
				CLANG_WARN_EMPTY_BODY = YES;
				CLANG_WARN_ENUM_CONVERSION = YES;
				CLANG_WARN_INFINITE_RECURSION = YES;
				CLANG_WARN_INT_CONVERSION = YES;
				CLANG_WARN_NON_LITERAL_NULL_CONVERSION = YES;
				CLANG_WARN_OBJC_IMPLICIT_RETAIN_SELF = YES;
				CLANG_WARN_OBJC_LITERAL_CONVERSION = YES;
				CLANG_WARN_OBJC_ROOT_CLASS = YES_ERROR;
				CLANG_WARN_QUOTED_INCLUDE_IN_FRAMEWORK_HEADER = YES;
				CLANG_WARN_RANGE_LOOP_ANALYSIS = YES;
				CLANG_WARN_STRICT_PROTOTYPES = YES;
				CLANG_WARN_SUSPICIOUS_MOVE = YES;
				CLANG_WARN_UNGUARDED_AVAILABILITY = YES_AGGRESSIVE;
				CLANG_WARN_UNREACHABLE_CODE = YES;
				CLANG_WARN__DUPLICATE_METHOD_MATCH = YES;
				COPY_PHASE_STRIP = NO;
				DEBUG_INFORMATION_FORMAT = dwarf;
				ENABLE_STRICT_OBJC_MSGSEND = YES;
				ENABLE_TESTABILITY = YES;
				GCC_C_LANGUAGE_STANDARD = gnu11;
				GCC_DYNAMIC_NO_PIC = NO;
				GCC_NO_COMMON_BLOCKS = YES;
				GCC_OPTIMIZATION_LEVEL = 0;
				GCC_PREPROCESSOR_DEFINITIONS = (
					"DEBUG=1",
					"$(inherited)",
				);
				GCC_WARN_64_TO_32_BIT_CONVERSION = YES;
				GCC_WARN_ABOUT_RETURN_TYPE = YES_ERROR;
				GCC_WARN_UNDECLARED_SELECTOR = YES;
				GCC_WARN_UNINITIALIZED_AUTOS = YES_AGGRESSIVE;
				GCC_WARN_UNUSED_FUNCTION = YES;
				GCC_WARN_UNUSED_VARIABLE = YES;
				INFOPLIST_FILE = RookieCurrnecy/RookieCurrency/Info.plist;
				IPHONEOS_DEPLOYMENT_TARGET = 13.2;
				MTL_ENABLE_DEBUG_INFO = INCLUDE_SOURCE;
				MTL_FAST_MATH = YES;
				ONLY_ACTIVE_ARCH = YES;
				PRODUCT_BUNDLE_IDENTIFIER = Users/1902470/Desktop/RookieCurrnecy/RookieCurrency/Info.plist;
				SDKROOT = iphoneos;
				SWIFT_ACTIVE_COMPILATION_CONDITIONS = DEBUG;
				SWIFT_OPTIMIZATION_LEVEL = "-Onone";
			};
			name = Debug;
		};
		E13B276024758ACF00E0A07D /* Release */ = {
			isa = XCBuildConfiguration;
			buildSettings = {
				ALWAYS_SEARCH_USER_PATHS = NO;
				CLANG_ANALYZER_LOCALIZABILITY_NONLOCALIZED = YES;
				CLANG_ANALYZER_NONNULL = YES;
				CLANG_ANALYZER_NUMBER_OBJECT_CONVERSION = YES_AGGRESSIVE;
				CLANG_CXX_LANGUAGE_STANDARD = "gnu++14";
				CLANG_CXX_LIBRARY = "libc++";
				CLANG_ENABLE_MODULES = YES;
				CLANG_ENABLE_OBJC_ARC = YES;
				CLANG_ENABLE_OBJC_WEAK = YES;
				CLANG_WARN_BLOCK_CAPTURE_AUTORELEASING = YES;
				CLANG_WARN_BOOL_CONVERSION = YES;
				CLANG_WARN_COMMA = YES;
				CLANG_WARN_CONSTANT_CONVERSION = YES;
				CLANG_WARN_DEPRECATED_OBJC_IMPLEMENTATIONS = YES;
				CLANG_WARN_DIRECT_OBJC_ISA_USAGE = YES_ERROR;
				CLANG_WARN_DOCUMENTATION_COMMENTS = YES;
				CLANG_WARN_EMPTY_BODY = YES;
				CLANG_WARN_ENUM_CONVERSION = YES;
				CLANG_WARN_INFINITE_RECURSION = YES;
				CLANG_WARN_INT_CONVERSION = YES;
				CLANG_WARN_NON_LITERAL_NULL_CONVERSION = YES;
				CLANG_WARN_OBJC_IMPLICIT_RETAIN_SELF = YES;
				CLANG_WARN_OBJC_LITERAL_CONVERSION = YES;
				CLANG_WARN_OBJC_ROOT_CLASS = YES_ERROR;
				CLANG_WARN_QUOTED_INCLUDE_IN_FRAMEWORK_HEADER = YES;
				CLANG_WARN_RANGE_LOOP_ANALYSIS = YES;
				CLANG_WARN_STRICT_PROTOTYPES = YES;
				CLANG_WARN_SUSPICIOUS_MOVE = YES;
				CLANG_WARN_UNGUARDED_AVAILABILITY = YES_AGGRESSIVE;
				CLANG_WARN_UNREACHABLE_CODE = YES;
				CLANG_WARN__DUPLICATE_METHOD_MATCH = YES;
				COPY_PHASE_STRIP = NO;
				DEBUG_INFORMATION_FORMAT = "dwarf-with-dsym";
				ENABLE_NS_ASSERTIONS = NO;
				ENABLE_STRICT_OBJC_MSGSEND = YES;
				GCC_C_LANGUAGE_STANDARD = gnu11;
				GCC_NO_COMMON_BLOCKS = YES;
				GCC_WARN_64_TO_32_BIT_CONVERSION = YES;
				GCC_WARN_ABOUT_RETURN_TYPE = YES_ERROR;
				GCC_WARN_UNDECLARED_SELECTOR = YES;
				GCC_WARN_UNINITIALIZED_AUTOS = YES_AGGRESSIVE;
				GCC_WARN_UNUSED_FUNCTION = YES;
				GCC_WARN_UNUSED_VARIABLE = YES;
				INFOPLIST_FILE = RookieCurrnecy/RookieCurrency/Info.plist;
				IPHONEOS_DEPLOYMENT_TARGET = 13.2;
				MTL_ENABLE_DEBUG_INFO = NO;
				MTL_FAST_MATH = YES;
				PRODUCT_BUNDLE_IDENTIFIER = Users/1902470/Desktop/RookieCurrnecy/RookieCurrency/Info.plist;
				SDKROOT = iphoneos;
				SWIFT_COMPILATION_MODE = wholemodule;
				SWIFT_OPTIMIZATION_LEVEL = "-O";
				VALIDATE_PRODUCT = YES;
			};
			name = Release;
		};
		E13B276224758ACF00E0A07D /* Debug */ = {
			isa = XCBuildConfiguration;
			buildSettings = {
				ASSETCATALOG_COMPILER_APPICON_NAME = AppIcon;
				CODE_SIGN_STYLE = Automatic;
				DEVELOPMENT_TEAM = 6VUDHSKKA2;
				INFOPLIST_FILE = "Supporting Files/Info.plist";
				IPHONEOS_DEPLOYMENT_TARGET = 16.4;
				LD_RUNPATH_SEARCH_PATHS = (
					"$(inherited)",
					"@executable_path/Frameworks",
				);
				PRODUCT_BUNDLE_IDENTIFIER = com.example.RookieCurrency;
				PRODUCT_NAME = "$(TARGET_NAME)";
				SWIFT_VERSION = 5.0;
				TARGETED_DEVICE_FAMILY = "1,2";
			};
			name = Debug;
		};
		E13B276324758ACF00E0A07D /* Release */ = {
			isa = XCBuildConfiguration;
			buildSettings = {
				ASSETCATALOG_COMPILER_APPICON_NAME = AppIcon;
				CODE_SIGN_STYLE = Automatic;
				DEVELOPMENT_TEAM = 6VUDHSKKA2;
				INFOPLIST_FILE = "Supporting Files/Info.plist";
				IPHONEOS_DEPLOYMENT_TARGET = 16.4;
				LD_RUNPATH_SEARCH_PATHS = (
					"$(inherited)",
					"@executable_path/Frameworks",
				);
				PRODUCT_BUNDLE_IDENTIFIER = com.example.RookieCurrency;
				PRODUCT_NAME = "$(TARGET_NAME)";
				SWIFT_VERSION = 5.0;
				TARGETED_DEVICE_FAMILY = "1,2";
			};
			name = Release;
		};
		E13B276524758ACF00E0A07D /* Debug */ = {
			isa = XCBuildConfiguration;
			buildSettings = {
				ALWAYS_EMBED_SWIFT_STANDARD_LIBRARIES = YES;
				BUNDLE_LOADER = "$(TEST_HOST)";
				CODE_SIGN_STYLE = Automatic;
				DEVELOPMENT_TEAM = 6VUDHSKKA2;
				GENERATE_INFOPLIST_FILE = YES;
				INFOPLIST_FILE = "";
				IPHONEOS_DEPLOYMENT_TARGET = 16.4;
				LD_RUNPATH_SEARCH_PATHS = (
					"$(inherited)",
					"@executable_path/Frameworks",
					"@loader_path/Frameworks",
				);
				PRODUCT_BUNDLE_IDENTIFIER = com.example.RookieCurrencyTests;
				PRODUCT_NAME = "$(TARGET_NAME)";
				SWIFT_VERSION = 5.0;
				TARGETED_DEVICE_FAMILY = "1,2";
				TEST_HOST = "$(BUILT_PRODUCTS_DIR)/RookieCurrency.app/RookieCurrency";
			};
			name = Debug;
		};
		E13B276624758ACF00E0A07D /* Release */ = {
			isa = XCBuildConfiguration;
			buildSettings = {
				ALWAYS_EMBED_SWIFT_STANDARD_LIBRARIES = YES;
				BUNDLE_LOADER = "$(TEST_HOST)";
				CODE_SIGN_STYLE = Automatic;
				DEVELOPMENT_TEAM = 6VUDHSKKA2;
				GENERATE_INFOPLIST_FILE = YES;
				INFOPLIST_FILE = "";
				IPHONEOS_DEPLOYMENT_TARGET = 16.4;
				LD_RUNPATH_SEARCH_PATHS = (
					"$(inherited)",
					"@executable_path/Frameworks",
					"@loader_path/Frameworks",
				);
				PRODUCT_BUNDLE_IDENTIFIER = com.example.RookieCurrencyTests;
				PRODUCT_NAME = "$(TARGET_NAME)";
				SWIFT_VERSION = 5.0;
				TARGETED_DEVICE_FAMILY = "1,2";
				TEST_HOST = "$(BUILT_PRODUCTS_DIR)/RookieCurrency.app/RookieCurrency";
			};
			name = Release;
		};
		E15BA6C724FCA66900CA5B1B /* Debug */ = {
			isa = XCBuildConfiguration;
			buildSettings = {
				ASSETCATALOG_COMPILER_APPICON_NAME = AppIcon;
				CODE_SIGN_STYLE = Automatic;
				DEVELOPMENT_TEAM = 6VUDHSKKA2;
				INFOPLIST_FILE = "Supporting Files/Info.plist";
				IPHONEOS_DEPLOYMENT_TARGET = 16.4;
				LD_RUNPATH_SEARCH_PATHS = (
					"$(inherited)",
					"@executable_path/Frameworks",
				);
				PRODUCT_BUNDLE_IDENTIFIER = com.example.CombineCurrency;
				PRODUCT_NAME = "$(TARGET_NAME)";
				SWIFT_VERSION = 5.0;
				TARGETED_DEVICE_FAMILY = "1,2";
			};
			name = Debug;
		};
		E15BA6C824FCA66900CA5B1B /* Release */ = {
			isa = XCBuildConfiguration;
			buildSettings = {
				ASSETCATALOG_COMPILER_APPICON_NAME = AppIcon;
				CODE_SIGN_STYLE = Automatic;
				DEVELOPMENT_TEAM = 6VUDHSKKA2;
				INFOPLIST_FILE = "Supporting Files/Info.plist";
				IPHONEOS_DEPLOYMENT_TARGET = 16.4;
				LD_RUNPATH_SEARCH_PATHS = (
					"$(inherited)",
					"@executable_path/Frameworks",
				);
				PRODUCT_BUNDLE_IDENTIFIER = com.example.CombineCurrency;
				PRODUCT_NAME = "$(TARGET_NAME)";
				SWIFT_VERSION = 5.0;
				TARGETED_DEVICE_FAMILY = "1,2";
			};
			name = Release;
		};
		E15BA6C924FCA66900CA5B1B /* Debug */ = {
			isa = XCBuildConfiguration;
			buildSettings = {
				ALWAYS_EMBED_SWIFT_STANDARD_LIBRARIES = YES;
				BUNDLE_LOADER = "$(TEST_HOST)";
				CODE_SIGN_STYLE = Automatic;
				DEVELOPMENT_TEAM = 6VUDHSKKA2;
				GENERATE_INFOPLIST_FILE = YES;
				INFOPLIST_FILE = "";
				IPHONEOS_DEPLOYMENT_TARGET = 16.4;
				LD_RUNPATH_SEARCH_PATHS = (
					"$(inherited)",
					"@executable_path/Frameworks",
					"@loader_path/Frameworks",
				);
				PRODUCT_BUNDLE_IDENTIFIER = com.example.CombineCurrencyTests;
				PRODUCT_NAME = "$(TARGET_NAME)";
				SWIFT_VERSION = 5.0;
				TARGETED_DEVICE_FAMILY = "1,2";
				TEST_HOST = "$(BUILT_PRODUCTS_DIR)/CombineCurrency.app/CombineCurrency";
			};
			name = Debug;
		};
		E15BA6CA24FCA66900CA5B1B /* Release */ = {
			isa = XCBuildConfiguration;
			buildSettings = {
				ALWAYS_EMBED_SWIFT_STANDARD_LIBRARIES = YES;
				BUNDLE_LOADER = "$(TEST_HOST)";
				CODE_SIGN_STYLE = Automatic;
				DEVELOPMENT_TEAM = 6VUDHSKKA2;
				GENERATE_INFOPLIST_FILE = YES;
				INFOPLIST_FILE = "";
				IPHONEOS_DEPLOYMENT_TARGET = 16.4;
				LD_RUNPATH_SEARCH_PATHS = (
					"$(inherited)",
					"@executable_path/Frameworks",
					"@loader_path/Frameworks",
				);
				PRODUCT_BUNDLE_IDENTIFIER = com.example.CombineCurrencyTests;
				PRODUCT_NAME = "$(TARGET_NAME)";
				SWIFT_VERSION = 5.0;
				TARGETED_DEVICE_FAMILY = "1,2";
				TEST_HOST = "$(BUILT_PRODUCTS_DIR)/CombineCurrency.app/CombineCurrency";
			};
			name = Release;
		};
/* End XCBuildConfiguration section */

/* Begin XCConfigurationList section */
		E13B273D24758ACB00E0A07D /* Build configuration list for PBXProject "RookieCurrency" */ = {
			isa = XCConfigurationList;
			buildConfigurations = (
				E13B275F24758ACF00E0A07D /* Debug */,
				51362E3129B4D67100E3CE89 /* CombineCurrencyTests */,
				51362E2A29B4D63500E3CE89 /* RookieCurrencyTests */,
				E13B276024758ACF00E0A07D /* Release */,
			);
			defaultConfigurationIsVisible = 0;
			defaultConfigurationName = Release;
		};
		E13B276124758ACF00E0A07D /* Build configuration list for PBXNativeTarget "RookieCurrency" */ = {
			isa = XCConfigurationList;
			buildConfigurations = (
				E13B276224758ACF00E0A07D /* Debug */,
				51362E3229B4D67100E3CE89 /* CombineCurrencyTests */,
				51362E2B29B4D63500E3CE89 /* RookieCurrencyTests */,
				E13B276324758ACF00E0A07D /* Release */,
			);
			defaultConfigurationIsVisible = 0;
			defaultConfigurationName = Release;
		};
		E13B276424758ACF00E0A07D /* Build configuration list for PBXNativeTarget "RookieCurrencyTests" */ = {
			isa = XCConfigurationList;
			buildConfigurations = (
				E13B276524758ACF00E0A07D /* Debug */,
				51362E3329B4D67100E3CE89 /* CombineCurrencyTests */,
				51362E2C29B4D63500E3CE89 /* RookieCurrencyTests */,
				E13B276624758ACF00E0A07D /* Release */,
			);
			defaultConfigurationIsVisible = 0;
			defaultConfigurationName = Release;
		};
		E15BA6CB24FCA66900CA5B1B /* Build configuration list for PBXNativeTarget "CombineCurrency" */ = {
			isa = XCConfigurationList;
			buildConfigurations = (
				E15BA6C724FCA66900CA5B1B /* Debug */,
				51362E3429B4D67100E3CE89 /* CombineCurrencyTests */,
				51362E2D29B4D63500E3CE89 /* RookieCurrencyTests */,
				E15BA6C824FCA66900CA5B1B /* Release */,
			);
			defaultConfigurationIsVisible = 0;
			defaultConfigurationName = Release;
		};
		E15BA6CC24FCA66900CA5B1B /* Build configuration list for PBXNativeTarget "CombineCurrencyTests" */ = {
			isa = XCConfigurationList;
			buildConfigurations = (
				E15BA6C924FCA66900CA5B1B /* Debug */,
				51362E3529B4D67100E3CE89 /* CombineCurrencyTests */,
				51362E2E29B4D63500E3CE89 /* RookieCurrencyTests */,
				E15BA6CA24FCA66900CA5B1B /* Release */,
			);
			defaultConfigurationIsVisible = 0;
			defaultConfigurationName = Release;
		};
/* End XCConfigurationList section */

/* Begin XCRemoteSwiftPackageReference section */
		51433D31298FD7BF00F2B4E6 /* XCRemoteSwiftPackageReference "R" */ = {
			isa = XCRemoteSwiftPackageReference;
			repositoryURL = "https://github.com/mac-cain13/R.swift";
			requirement = {
				kind = upToNextMajorVersion;
				minimumVersion = 7.0.0;
			};
		};
/* End XCRemoteSwiftPackageReference section */

/* Begin XCSwiftPackageProductDependency section */
		51433D32298FD7BF00F2B4E6 /* RswiftLibrary */ = {
			isa = XCSwiftPackageProductDependency;
			package = 51433D31298FD7BF00F2B4E6 /* XCRemoteSwiftPackageReference "R" */;
			productName = RswiftLibrary;
		};
		51433D34298FD7D800F2B4E6 /* RswiftGenerateInternalResources */ = {
			isa = XCSwiftPackageProductDependency;
			productName = "plugin:RswiftGenerateInternalResources";
		};
		51433D37298FD8AC00F2B4E6 /* RswiftGenerateInternalResources */ = {
			isa = XCSwiftPackageProductDependency;
			productName = "plugin:RswiftGenerateInternalResources";
		};
		51433D3A298FD8C400F2B4E6 /* RswiftLibrary */ = {
			isa = XCSwiftPackageProductDependency;
			package = 51433D31298FD7BF00F2B4E6 /* XCRemoteSwiftPackageReference "R" */;
			productName = RswiftLibrary;
		};
/* End XCSwiftPackageProductDependency section */
	};
	rootObject = E13B273A24758ACB00E0A07D /* Project object */;
}
